
Microsoft Visual Studio Solution File, Format Version 12.00
# Visual Studio Version 17
VisualStudioVersion = 17.1.31911.260
MinimumVisualStudioVersion = 10.0.40219.1
Project("{FAE04EC0-301F-11D3-BF4B-00C04F79EFBC}") = "MPGC_APP.Android", "MPGC_APP.Android\MPGC_APP.Android.csproj", "{406020EE-2DCD-4288-B7D7-5E36C40DE12A}"
EndProject
Project("{9A19103F-16F7-4668-BE54-9A1E7A4F7556}") = "MPGC_APP", "MPGC_APP\MPGC_APP.csproj", "{3A78D89D-3ED1-49BC-9AA4-3573CD9FAF2F}"
EndProject
Global
	GlobalSection(SolutionConfigurationPlatforms) = preSolution
		Debug|Any CPU = Debug|Any CPU
		Debug|iPhone = Debug|iPhone
		Debug|iPhoneSimulator = Debug|iPhoneSimulator
		Release|Any CPU = Release|Any CPU
		Release|iPhone = Release|iPhone
		Release|iPhoneSimulator = Release|iPhoneSimulator
	EndGlobalSection
	GlobalSection(ProjectConfigurationPlatforms) = postSolution
		{406020EE-2DCD-4288-B7D7-5E36C40DE12A}.Debug|Any CPU.ActiveCfg = Debug|Any CPU
		{406020EE-2DCD-4288-B7D7-5E36C40DE12A}.Debug|Any CPU.Build.0 = Debug|Any CPU
		{406020EE-2DCD-4288-B7D7-5E36C40DE12A}.Debug|Any CPU.Deploy.0 = Debug|Any CPU
		{406020EE-2DCD-4288-B7D7-5E36C40DE12A}.Debug|iPhone.ActiveCfg = Debug|Any CPU
		{406020EE-2DCD-4288-B7D7-5E36C40DE12A}.Debug|iPhone.Build.0 = Debug|Any CPU
		{406020EE-2DCD-4288-B7D7-5E36C40DE12A}.Debug|iPhone.Deploy.0 = Debug|Any CPU
		{406020EE-2DCD-4288-B7D7-5E36C40DE12A}.Debug|iPhoneSimulator.ActiveCfg = Debug|Any CPU
		{406020EE-2DCD-4288-B7D7-5E36C40DE12A}.Debug|iPhoneSimulator.Build.0 = Debug|Any CPU
		{406020EE-2DCD-4288-B7D7-5E36C40DE12A}.Debug|iPhoneSimulator.Deploy.0 = Debug|Any CPU
		{406020EE-2DCD-4288-B7D7-5E36C40DE12A}.Release|Any CPU.ActiveCfg = Release|Any CPU
		{406020EE-2DCD-4288-B7D7-5E36C40DE12A}.Release|Any CPU.Build.0 = Release|Any CPU
		{406020EE-2DCD-4288-B7D7-5E36C40DE12A}.Release|Any CPU.Deploy.0 = Release|Any CPU
		{406020EE-2DCD-4288-B7D7-5E36C40DE12A}.Release|iPhone.ActiveCfg = Release|Any CPU
		{406020EE-2DCD-4288-B7D7-5E36C40DE12A}.Release|iPhone.Build.0 = Release|Any CPU
		{406020EE-2DCD-4288-B7D7-5E36C40DE12A}.Release|iPhone.Deploy.0 = Release|Any CPU
		{406020EE-2DCD-4288-B7D7-5E36C40DE12A}.Release|iPhoneSimulator.ActiveCfg = Release|Any CPU
		{406020EE-2DCD-4288-B7D7-5E36C40DE12A}.Release|iPhoneSimulator.Build.0 = Release|Any CPU
		{406020EE-2DCD-4288-B7D7-5E36C40DE12A}.Release|iPhoneSimulator.Deploy.0 = Release|Any CPU
		{3A78D89D-3ED1-49BC-9AA4-3573CD9FAF2F}.Debug|Any CPU.ActiveCfg = Debug|Any CPU
		{3A78D89D-3ED1-49BC-9AA4-3573CD9FAF2F}.Debug|Any CPU.Build.0 = Debug|Any CPU
		{3A78D89D-3ED1-49BC-9AA4-3573CD9FAF2F}.Debug|Any CPU.Deploy.0 = Debug|Any CPU
		{3A78D89D-3ED1-49BC-9AA4-3573CD9FAF2F}.Debug|iPhone.ActiveCfg = Debug|Any CPU
		{3A78D89D-3ED1-49BC-9AA4-3573CD9FAF2F}.Debug|iPhone.Build.0 = Debug|Any CPU
		{3A78D89D-3ED1-49BC-9AA4-3573CD9FAF2F}.Debug|iPhone.Deploy.0 = Debug|Any CPU
		{3A78D89D-3ED1-49BC-9AA4-3573CD9FAF2F}.Debug|iPhoneSimulator.ActiveCfg = Debug|Any CPU
		{3A78D89D-3ED1-49BC-9AA4-3573CD9FAF2F}.Debug|iPhoneSimulator.Build.0 = Debug|Any CPU
		{3A78D89D-3ED1-49BC-9AA4-3573CD9FAF2F}.Debug|iPhoneSimulator.Deploy.0 = Debug|Any CPU
		{3A78D89D-3ED1-49BC-9AA4-3573CD9FAF2F}.Release|Any CPU.ActiveCfg = Release|Any CPU
		{3A78D89D-3ED1-49BC-9AA4-3573CD9FAF2F}.Release|Any CPU.Build.0 = Release|Any CPU
		{3A78D89D-3ED1-49BC-9AA4-3573CD9FAF2F}.Release|Any CPU.Deploy.0 = Release|Any CPU
		{3A78D89D-3ED1-49BC-9AA4-3573CD9FAF2F}.Release|iPhone.ActiveCfg = Release|Any CPU
		{3A78D89D-3ED1-49BC-9AA4-3573CD9FAF2F}.Release|iPhone.Build.0 = Release|Any CPU
		{3A78D89D-3ED1-49BC-9AA4-3573CD9FAF2F}.Release|iPhone.Deploy.0 = Release|Any CPU
		{3A78D89D-3ED1-49BC-9AA4-3573CD9FAF2F}.Release|iPhoneSimulator.ActiveCfg = Release|Any CPU
		{3A78D89D-3ED1-49BC-9AA4-3573CD9FAF2F}.Release|iPhoneSimulator.Build.0 = Release|Any CPU
		{3A78D89D-3ED1-49BC-9AA4-3573CD9FAF2F}.Release|iPhoneSimulator.Deploy.0 = Release|Any CPU
	EndGlobalSection
	GlobalSection(SolutionProperties) = preSolution
		HideSolutionNode = FALSE
	EndGlobalSection
	GlobalSection(ExtensibilityGlobals) = postSolution
		SolutionGuid = {FA7D76CB-E340-4D4D-80CD-F220A407F6A7}
	EndGlobalSection
EndGlobal
